<?xml version="1.0" encoding="UTF-8" standalone="yes" ?>
<CodeBlocks_project_file>
	<FileVersion major="1" minor="6" />
	<Project>
		<Option title="22-1-3" />
		<Option pch_mode="2" />
		<Option compiler="gcc" />
		<Build>
			<Target title="Debug">
				<Option output="bin/Debug/22-1-3" prefix_auto="1" extension_auto="1" />
				<Option object_output="obj/Debug/" />
				<Option type="1" />
				<Option compiler="gcc" />
				<Compiler>
					<Add option="-g" />
				</Compiler>
			</Target>
			<Target title="Release">
				<Option output="bin/Release/22-1-3" prefix_auto="1" extension_auto="1" />
				<Option object_output="obj/Release/" />
				<Option type="1" />
				<Option compiler="gcc" />
				<Compiler>
					<Add option="-O2" />
				</Compiler>
				<Linker>
					<Add option="-s" />
				</Linker>
			</Target>
		</Build>
		<Compiler>
			<Add option="-Wall" />
			<Add option="-fexceptions" />
		</Compiler>
		<Unit filename="1-977-有序数组的平方.cpp" />
		<Unit filename="10-19-删除链表的倒数第N个结点.cpp" />
		<Unit filename="11-面试题-02.07-链表相交.cpp" />
		<Unit filename="12-142-环形链表 II.cpp" />
		<Unit filename="13-242. 有效的字母异位词.cpp" />
		<Unit filename="14-383. 赎金信.cpp" />
		<Unit filename="15-49.字母异位词分组.cpp" />
		<Unit filename="16-438.找到字符串中所有字母异位词.cpp" />
		<Unit filename="17-1002.查找共用字符.cpp" />
		<Unit filename="18-349.两个数组的交集.cpp" />
		<Unit filename="19-350.两个数组的交集II.cpp" />
		<Unit filename="2-209-长度最小的子数组.cpp" />
		<Unit filename="20-202.快乐数.cpp" />
		<Unit filename="21-1.两数之和.cpp" />
		<Unit filename="3-904-水果成篮.cpp" />
		<Unit filename="4-59-螺旋矩阵II.cpp" />
		<Unit filename="5-54-螺旋矩阵.cpp" />
		<Unit filename="6-203-移除链表元素.cpp" />
		<Unit filename="7-707-设计链表.cpp" />
		<Unit filename="8-206-反转链表.cpp" />
		<Unit filename="9-24-两两交换链表中的节点.cpp" />
		<Unit filename="main.cpp" />
		<Extensions>
			<lib_finder disable_auto="1" />
		</Extensions>
	</Project>
</CodeBlocks_project_file>
