
Microsoft Visual Studio Solution File, Format Version 11.00
# Visual Studio 2010
Project("{8BC9CEB8-8B4A-11D0-8D11-00A0C91BC942}") = "多态", "多态\多态.vcxproj", "{BC779F2C-FF3A-4B12-AAB1-031805A11269}"
EndProject
Global
	GlobalSection(SolutionConfigurationPlatforms) = preSolution
		Debug|Win32 = Debug|Win32
		Release|Win32 = Release|Win32
	EndGlobalSection
	GlobalSection(ProjectConfigurationPlatforms) = postSolution
		{BC779F2C-FF3A-4B12-AAB1-031805A11269}.Debug|Win32.ActiveCfg = Debug|Win32
		{BC779F2C-FF3A-4B12-AAB1-031805A11269}.Debug|Win32.Build.0 = Debug|Win32
		{BC779F2C-FF3A-4B12-AAB1-031805A11269}.Release|Win32.ActiveCfg = Release|Win32
		{BC779F2C-FF3A-4B12-AAB1-031805A11269}.Release|Win32.Build.0 = Release|Win32
	EndGlobalSection
	GlobalSection(SolutionProperties) = preSolution
		HideSolutionNode = FALSE
	EndGlobalSection
EndGlobal
