<?xml version="1.0" encoding="UTF-8" standalone="yes" ?>
<CodeBlocks_project_file>
	<FileVersion major="1" minor="6" />
	<Project>
		<Option title="22-1-17" />
		<Option pch_mode="2" />
		<Option compiler="gcc" />
		<Build>
			<Target title="Debug">
				<Option output="bin/Debug/22-1-17" prefix_auto="1" extension_auto="1" />
				<Option object_output="obj/Debug/" />
				<Option type="1" />
				<Option compiler="gcc" />
				<Compiler>
					<Add option="-g" />
				</Compiler>
			</Target>
			<Target title="Release">
				<Option output="bin/Release/22-1-17" prefix_auto="1" extension_auto="1" />
				<Option object_output="obj/Release/" />
				<Option type="1" />
				<Option compiler="gcc" />
				<Compiler>
					<Add option="-O2" />
				</Compiler>
				<Linker>
					<Add option="-s" />
				</Linker>
			</Target>
		</Build>
		<Compiler>
			<Add option="-Wall" />
			<Add option="-fexceptions" />
		</Compiler>
		<Unit filename="1-102.二叉树的层序遍历.cpp" />
		<Unit filename="10-111.二叉树的最小深度.cpp" />
		<Unit filename="11-226. 翻转二叉树.cpp" />
		<Unit filename="12-101.对称二叉树.cpp" />
		<Unit filename="13-100.相同的树.cpp" />
		<Unit filename="14-572.另一棵树的子树.cpp" />
		<Unit filename="15-104二叉树的最大深度.cpp" />
		<Unit filename="16-559.N叉树的最大深度.cpp" />
		<Unit filename="17-222.完全二叉树的节点个数.cpp" />
		<Unit filename="18-110.平衡二叉树.cpp" />
		<Unit filename="19-257.二叉树的所有路径.cpp" />
		<Unit filename="2-107.二叉树的层序遍历 II.cpp" />
		<Unit filename="20-404.左叶子之和.cpp" />
		<Unit filename="21-513.找树左下角的值.cpp" />
		<Unit filename="22-112. 路径总和.cpp" />
		<Unit filename="23-113.路径总和 II.cpp" />
		<Unit filename="24-106.从中序与后序遍历序列构造二叉树.cpp" />
		<Unit filename="25-105.从前序与中序遍历序列构造二叉树.cpp" />
		<Unit filename="26-654. 最大二叉树.cpp" />
		<Unit filename="3-199.二叉树的右视图.cpp" />
		<Unit filename="4-637.二叉树的层平均值.cpp" />
		<Unit filename="5-429.N叉树的层序遍历.cpp" />
		<Unit filename="6-515.在每个树行中找最大值.cpp" />
		<Unit filename="7-116.填充每个节点的下一个右侧节点指针.cpp" />
		<Unit filename="8-117.填充每个节点的下一个右侧节点指针II.cpp" />
		<Unit filename="9-104.二叉树的最大深度.cpp" />
		<Unit filename="main.cpp" />
		<Unit filename="myfunction.cpp" />
		<Unit filename="myfunction.h" />
		<Extensions>
			<lib_finder disable_auto="1" />
		</Extensions>
	</Project>
</CodeBlocks_project_file>
